
Microsoft Visual Studio Solution File, Format Version 12.00
# Visual Studio 15
VisualStudioVersion = 15.0.28307.902
MinimumVisualStudioVersion = 10.0.40219.1
Project("{8BC9CEB8-8B4A-11D0-8D11-00A0C91BC942}") = "05_Editor", "05_Editor\05_Editor.vcxproj", "{FDEDCC71-8D63-4EF4-ADF9-CC00027C7622}"
EndProject
Global
	GlobalSection(SolutionConfigurationPlatforms) = preSolution
		Debug|x64 = Debug|x64
		Debug|x86 = Debug|x86
		Release|x64 = Release|x64
		Release|x86 = Release|x86
	EndGlobalSection
	GlobalSection(ProjectConfigurationPlatforms) = postSolution
		{FDEDCC71-8D63-4EF4-ADF9-CC00027C7622}.Debug|x64.ActiveCfg = Debug|x64
		{FDEDCC71-8D63-4EF4-ADF9-CC00027C7622}.Debug|x64.Build.0 = Debug|x64
		{FDEDCC71-8D63-4EF4-ADF9-CC00027C7622}.Debug|x86.ActiveCfg = Debug|Win32
		{FDEDCC71-8D63-4EF4-ADF9-CC00027C7622}.Debug|x86.Build.0 = Debug|Win32
		{FDEDCC71-8D63-4EF4-ADF9-CC00027C7622}.Release|x64.ActiveCfg = Release|x64
		{FDEDCC71-8D63-4EF4-ADF9-CC00027C7622}.Release|x64.Build.0 = Release|x64
		{FDEDCC71-8D63-4EF4-ADF9-CC00027C7622}.Release|x86.ActiveCfg = Release|Win32
		{FDEDCC71-8D63-4EF4-ADF9-CC00027C7622}.Release|x86.Build.0 = Release|Win32
	EndGlobalSection
	GlobalSection(SolutionProperties) = preSolution
		HideSolutionNode = FALSE
	EndGlobalSection
	GlobalSection(ExtensibilityGlobals) = postSolution
		SolutionGuid = {1A061A12-05FF-4ECD-A311-1C0C28ACAA62}
	EndGlobalSection
EndGlobal
