
Microsoft Visual Studio Solution File, Format Version 12.00
# Visual Studio 15
VisualStudioVersion = 15.0.28307.902
MinimumVisualStudioVersion = 10.0.40219.1
Project("{8BC9CEB8-8B4A-11D0-8D11-00A0C91BC942}") = "07_Menu", "07_Menu\07_Menu.vcxproj", "{50A3895B-EFD3-483C-B02C-809B6244E4B0}"
EndProject
Global
	GlobalSection(SolutionConfigurationPlatforms) = preSolution
		Debug|x64 = Debug|x64
		Debug|x86 = Debug|x86
		Release|x64 = Release|x64
		Release|x86 = Release|x86
	EndGlobalSection
	GlobalSection(ProjectConfigurationPlatforms) = postSolution
		{50A3895B-EFD3-483C-B02C-809B6244E4B0}.Debug|x64.ActiveCfg = Debug|x64
		{50A3895B-EFD3-483C-B02C-809B6244E4B0}.Debug|x64.Build.0 = Debug|x64
		{50A3895B-EFD3-483C-B02C-809B6244E4B0}.Debug|x86.ActiveCfg = Debug|Win32
		{50A3895B-EFD3-483C-B02C-809B6244E4B0}.Debug|x86.Build.0 = Debug|Win32
		{50A3895B-EFD3-483C-B02C-809B6244E4B0}.Release|x64.ActiveCfg = Release|x64
		{50A3895B-EFD3-483C-B02C-809B6244E4B0}.Release|x64.Build.0 = Release|x64
		{50A3895B-EFD3-483C-B02C-809B6244E4B0}.Release|x86.ActiveCfg = Release|Win32
		{50A3895B-EFD3-483C-B02C-809B6244E4B0}.Release|x86.Build.0 = Release|Win32
	EndGlobalSection
	GlobalSection(SolutionProperties) = preSolution
		HideSolutionNode = FALSE
	EndGlobalSection
	GlobalSection(ExtensibilityGlobals) = postSolution
		SolutionGuid = {6B7757A0-B0BC-493E-A293-FFB39D512891}
	EndGlobalSection
EndGlobal
